
Microsoft Visual Studio Solution File, Format Version 12.00
# Visual Studio 15
VisualStudioVersion = 15.0.28307.421
MinimumVisualStudioVersion = 10.0.40219.1
Project("{FAE04EC0-301F-11D3-BF4B-00C04F79EFBC}") = "RURS", "RURS\RURS.csproj", "{FECBEB97-150F-4B44-B3D1-87E601730C4C}"
EndProject
Project("{FAE04EC0-301F-11D3-BF4B-00C04F79EFBC}") = "AdminRURS", "AdminRURS\AdminRURS.csproj", "{36EA0C06-8DD6-444A-A110-BC7689B12BE6}"
EndProject
Project("{FAE04EC0-301F-11D3-BF4B-00C04F79EFBC}") = "REST Service", "REST Service\REST Service.csproj", "{A08270F0-6142-4F47-8693-F346C2C77CF7}"
EndProject
Project("{FAE04EC0-301F-11D3-BF4B-00C04F79EFBC}") = "REST Service.Tests", "REST Service.Tests\REST Service.Tests.csproj", "{A5F9D830-FB66-4246-8599-3593FA9F1BA6}"
EndProject
Project("{FAE04EC0-301F-11D3-BF4B-00C04F79EFBC}") = "ModelLibrary", "ModelLibrary\ModelLibrary.csproj", "{BF6D293D-46E3-46EC-B682-3E36BA877947}"
EndProject
Global
	GlobalSection(SolutionConfigurationPlatforms) = preSolution
		Debug|Any CPU = Debug|Any CPU
		Debug|ARM = Debug|ARM
		Debug|ARM64 = Debug|ARM64
		Debug|x64 = Debug|x64
		Debug|x86 = Debug|x86
		Release|Any CPU = Release|Any CPU
		Release|ARM = Release|ARM
		Release|ARM64 = Release|ARM64
		Release|x64 = Release|x64
		Release|x86 = Release|x86
	EndGlobalSection
	GlobalSection(ProjectConfigurationPlatforms) = postSolution
		{FECBEB97-150F-4B44-B3D1-87E601730C4C}.Debug|Any CPU.ActiveCfg = Debug|x86
		{FECBEB97-150F-4B44-B3D1-87E601730C4C}.Debug|ARM.ActiveCfg = Debug|ARM
		{FECBEB97-150F-4B44-B3D1-87E601730C4C}.Debug|ARM.Build.0 = Debug|ARM
		{FECBEB97-150F-4B44-B3D1-87E601730C4C}.Debug|ARM.Deploy.0 = Debug|ARM
		{FECBEB97-150F-4B44-B3D1-87E601730C4C}.Debug|ARM64.ActiveCfg = Debug|ARM64
		{FECBEB97-150F-4B44-B3D1-87E601730C4C}.Debug|ARM64.Build.0 = Debug|ARM64
		{FECBEB97-150F-4B44-B3D1-87E601730C4C}.Debug|ARM64.Deploy.0 = Debug|ARM64
		{FECBEB97-150F-4B44-B3D1-87E601730C4C}.Debug|x64.ActiveCfg = Debug|x64
		{FECBEB97-150F-4B44-B3D1-87E601730C4C}.Debug|x64.Build.0 = Debug|x64
		{FECBEB97-150F-4B44-B3D1-87E601730C4C}.Debug|x64.Deploy.0 = Debug|x64
		{FECBEB97-150F-4B44-B3D1-87E601730C4C}.Debug|x86.ActiveCfg = Debug|x86
		{FECBEB97-150F-4B44-B3D1-87E601730C4C}.Debug|x86.Build.0 = Debug|x86
		{FECBEB97-150F-4B44-B3D1-87E601730C4C}.Debug|x86.Deploy.0 = Debug|x86
		{FECBEB97-150F-4B44-B3D1-87E601730C4C}.Release|Any CPU.ActiveCfg = Release|x86
		{FECBEB97-150F-4B44-B3D1-87E601730C4C}.Release|ARM.ActiveCfg = Release|ARM
		{FECBEB97-150F-4B44-B3D1-87E601730C4C}.Release|ARM.Build.0 = Release|ARM
		{FECBEB97-150F-4B44-B3D1-87E601730C4C}.Release|ARM.Deploy.0 = Release|ARM
		{FECBEB97-150F-4B44-B3D1-87E601730C4C}.Release|ARM64.ActiveCfg = Release|ARM64
		{FECBEB97-150F-4B44-B3D1-87E601730C4C}.Release|ARM64.Build.0 = Release|ARM64
		{FECBEB97-150F-4B44-B3D1-87E601730C4C}.Release|ARM64.Deploy.0 = Release|ARM64
		{FECBEB97-150F-4B44-B3D1-87E601730C4C}.Release|x64.ActiveCfg = Release|x64
		{FECBEB97-150F-4B44-B3D1-87E601730C4C}.Release|x64.Build.0 = Release|x64
		{FECBEB97-150F-4B44-B3D1-87E601730C4C}.Release|x64.Deploy.0 = Release|x64
		{FECBEB97-150F-4B44-B3D1-87E601730C4C}.Release|x86.ActiveCfg = Release|x86
		{FECBEB97-150F-4B44-B3D1-87E601730C4C}.Release|x86.Build.0 = Release|x86
		{FECBEB97-150F-4B44-B3D1-87E601730C4C}.Release|x86.Deploy.0 = Release|x86
		{36EA0C06-8DD6-444A-A110-BC7689B12BE6}.Debug|Any CPU.ActiveCfg = Debug|x86
		{36EA0C06-8DD6-444A-A110-BC7689B12BE6}.Debug|ARM.ActiveCfg = Debug|ARM
		{36EA0C06-8DD6-444A-A110-BC7689B12BE6}.Debug|ARM.Build.0 = Debug|ARM
		{36EA0C06-8DD6-444A-A110-BC7689B12BE6}.Debug|ARM.Deploy.0 = Debug|ARM
		{36EA0C06-8DD6-444A-A110-BC7689B12BE6}.Debug|ARM64.ActiveCfg = Debug|ARM64
		{36EA0C06-8DD6-444A-A110-BC7689B12BE6}.Debug|ARM64.Build.0 = Debug|ARM64
		{36EA0C06-8DD6-444A-A110-BC7689B12BE6}.Debug|ARM64.Deploy.0 = Debug|ARM64
		{36EA0C06-8DD6-444A-A110-BC7689B12BE6}.Debug|x64.ActiveCfg = Debug|x64
		{36EA0C06-8DD6-444A-A110-BC7689B12BE6}.Debug|x64.Build.0 = Debug|x64
		{36EA0C06-8DD6-444A-A110-BC7689B12BE6}.Debug|x64.Deploy.0 = Debug|x64
		{36EA0C06-8DD6-444A-A110-BC7689B12BE6}.Debug|x86.ActiveCfg = Debug|x86
		{36EA0C06-8DD6-444A-A110-BC7689B12BE6}.Debug|x86.Build.0 = Debug|x86
		{36EA0C06-8DD6-444A-A110-BC7689B12BE6}.Debug|x86.Deploy.0 = Debug|x86
		{36EA0C06-8DD6-444A-A110-BC7689B12BE6}.Release|Any CPU.ActiveCfg = Release|x86
		{36EA0C06-8DD6-444A-A110-BC7689B12BE6}.Release|ARM.ActiveCfg = Release|ARM
		{36EA0C06-8DD6-444A-A110-BC7689B12BE6}.Release|ARM.Build.0 = Release|ARM
		{36EA0C06-8DD6-444A-A110-BC7689B12BE6}.Release|ARM.Deploy.0 = Release|ARM
		{36EA0C06-8DD6-444A-A110-BC7689B12BE6}.Release|ARM64.ActiveCfg = Release|ARM64
		{36EA0C06-8DD6-444A-A110-BC7689B12BE6}.Release|ARM64.Build.0 = Release|ARM64
		{36EA0C06-8DD6-444A-A110-BC7689B12BE6}.Release|ARM64.Deploy.0 = Release|ARM64
		{36EA0C06-8DD6-444A-A110-BC7689B12BE6}.Release|x64.ActiveCfg = Release|x64
		{36EA0C06-8DD6-444A-A110-BC7689B12BE6}.Release|x64.Build.0 = Release|x64
		{36EA0C06-8DD6-444A-A110-BC7689B12BE6}.Release|x64.Deploy.0 = Release|x64
		{36EA0C06-8DD6-444A-A110-BC7689B12BE6}.Release|x86.ActiveCfg = Release|x86
		{36EA0C06-8DD6-444A-A110-BC7689B12BE6}.Release|x86.Build.0 = Release|x86
		{36EA0C06-8DD6-444A-A110-BC7689B12BE6}.Release|x86.Deploy.0 = Release|x86
		{A08270F0-6142-4F47-8693-F346C2C77CF7}.Debug|Any CPU.ActiveCfg = Debug|Any CPU
		{A08270F0-6142-4F47-8693-F346C2C77CF7}.Debug|Any CPU.Build.0 = Debug|Any CPU
		{A08270F0-6142-4F47-8693-F346C2C77CF7}.Debug|ARM.ActiveCfg = Debug|Any CPU
		{A08270F0-6142-4F47-8693-F346C2C77CF7}.Debug|ARM.Build.0 = Debug|Any CPU
		{A08270F0-6142-4F47-8693-F346C2C77CF7}.Debug|ARM64.ActiveCfg = Debug|Any CPU
		{A08270F0-6142-4F47-8693-F346C2C77CF7}.Debug|ARM64.Build.0 = Debug|Any CPU
		{A08270F0-6142-4F47-8693-F346C2C77CF7}.Debug|x64.ActiveCfg = Debug|Any CPU
		{A08270F0-6142-4F47-8693-F346C2C77CF7}.Debug|x64.Build.0 = Debug|Any CPU
		{A08270F0-6142-4F47-8693-F346C2C77CF7}.Debug|x86.ActiveCfg = Debug|Any CPU
		{A08270F0-6142-4F47-8693-F346C2C77CF7}.Debug|x86.Build.0 = Debug|Any CPU
		{A08270F0-6142-4F47-8693-F346C2C77CF7}.Release|Any CPU.ActiveCfg = Release|Any CPU
		{A08270F0-6142-4F47-8693-F346C2C77CF7}.Release|Any CPU.Build.0 = Release|Any CPU
		{A08270F0-6142-4F47-8693-F346C2C77CF7}.Release|ARM.ActiveCfg = Release|Any CPU
		{A08270F0-6142-4F47-8693-F346C2C77CF7}.Release|ARM.Build.0 = Release|Any CPU
		{A08270F0-6142-4F47-8693-F346C2C77CF7}.Release|ARM64.ActiveCfg = Release|Any CPU
		{A08270F0-6142-4F47-8693-F346C2C77CF7}.Release|ARM64.Build.0 = Release|Any CPU
		{A08270F0-6142-4F47-8693-F346C2C77CF7}.Release|x64.ActiveCfg = Release|Any CPU
		{A08270F0-6142-4F47-8693-F346C2C77CF7}.Release|x64.Build.0 = Release|Any CPU
		{A08270F0-6142-4F47-8693-F346C2C77CF7}.Release|x86.ActiveCfg = Release|Any CPU
		{A08270F0-6142-4F47-8693-F346C2C77CF7}.Release|x86.Build.0 = Release|Any CPU
		{A5F9D830-FB66-4246-8599-3593FA9F1BA6}.Debug|Any CPU.ActiveCfg = Debug|Any CPU
		{A5F9D830-FB66-4246-8599-3593FA9F1BA6}.Debug|Any CPU.Build.0 = Debug|Any CPU
		{A5F9D830-FB66-4246-8599-3593FA9F1BA6}.Debug|ARM.ActiveCfg = Debug|Any CPU
		{A5F9D830-FB66-4246-8599-3593FA9F1BA6}.Debug|ARM.Build.0 = Debug|Any CPU
		{A5F9D830-FB66-4246-8599-3593FA9F1BA6}.Debug|ARM64.ActiveCfg = Debug|Any CPU
		{A5F9D830-FB66-4246-8599-3593FA9F1BA6}.Debug|ARM64.Build.0 = Debug|Any CPU
		{A5F9D830-FB66-4246-8599-3593FA9F1BA6}.Debug|x64.ActiveCfg = Debug|Any CPU
		{A5F9D830-FB66-4246-8599-3593FA9F1BA6}.Debug|x64.Build.0 = Debug|Any CPU
		{A5F9D830-FB66-4246-8599-3593FA9F1BA6}.Debug|x86.ActiveCfg = Debug|Any CPU
		{A5F9D830-FB66-4246-8599-3593FA9F1BA6}.Debug|x86.Build.0 = Debug|Any CPU
		{A5F9D830-FB66-4246-8599-3593FA9F1BA6}.Release|Any CPU.ActiveCfg = Release|Any CPU
		{A5F9D830-FB66-4246-8599-3593FA9F1BA6}.Release|Any CPU.Build.0 = Release|Any CPU
		{A5F9D830-FB66-4246-8599-3593FA9F1BA6}.Release|ARM.ActiveCfg = Release|Any CPU
		{A5F9D830-FB66-4246-8599-3593FA9F1BA6}.Release|ARM.Build.0 = Release|Any CPU
		{A5F9D830-FB66-4246-8599-3593FA9F1BA6}.Release|ARM64.ActiveCfg = Release|Any CPU
		{A5F9D830-FB66-4246-8599-3593FA9F1BA6}.Release|ARM64.Build.0 = Release|Any CPU
		{A5F9D830-FB66-4246-8599-3593FA9F1BA6}.Release|x64.ActiveCfg = Release|Any CPU
		{A5F9D830-FB66-4246-8599-3593FA9F1BA6}.Release|x64.Build.0 = Release|Any CPU
		{A5F9D830-FB66-4246-8599-3593FA9F1BA6}.Release|x86.ActiveCfg = Release|Any CPU
		{A5F9D830-FB66-4246-8599-3593FA9F1BA6}.Release|x86.Build.0 = Release|Any CPU
		{BF6D293D-46E3-46EC-B682-3E36BA877947}.Debug|Any CPU.ActiveCfg = Debug|Any CPU
		{BF6D293D-46E3-46EC-B682-3E36BA877947}.Debug|Any CPU.Build.0 = Debug|Any CPU
		{BF6D293D-46E3-46EC-B682-3E36BA877947}.Debug|ARM.ActiveCfg = Debug|ARM
		{BF6D293D-46E3-46EC-B682-3E36BA877947}.Debug|ARM.Build.0 = Debug|ARM
		{BF6D293D-46E3-46EC-B682-3E36BA877947}.Debug|ARM64.ActiveCfg = Debug|ARM64
		{BF6D293D-46E3-46EC-B682-3E36BA877947}.Debug|ARM64.Build.0 = Debug|ARM64
		{BF6D293D-46E3-46EC-B682-3E36BA877947}.Debug|x64.ActiveCfg = Debug|x64
		{BF6D293D-46E3-46EC-B682-3E36BA877947}.Debug|x64.Build.0 = Debug|x64
		{BF6D293D-46E3-46EC-B682-3E36BA877947}.Debug|x86.ActiveCfg = Debug|x86
		{BF6D293D-46E3-46EC-B682-3E36BA877947}.Debug|x86.Build.0 = Debug|x86
		{BF6D293D-46E3-46EC-B682-3E36BA877947}.Release|Any CPU.ActiveCfg = Release|Any CPU
		{BF6D293D-46E3-46EC-B682-3E36BA877947}.Release|Any CPU.Build.0 = Release|Any CPU
		{BF6D293D-46E3-46EC-B682-3E36BA877947}.Release|ARM.ActiveCfg = Release|ARM
		{BF6D293D-46E3-46EC-B682-3E36BA877947}.Release|ARM.Build.0 = Release|ARM
		{BF6D293D-46E3-46EC-B682-3E36BA877947}.Release|ARM64.ActiveCfg = Release|ARM64
		{BF6D293D-46E3-46EC-B682-3E36BA877947}.Release|ARM64.Build.0 = Release|ARM64
		{BF6D293D-46E3-46EC-B682-3E36BA877947}.Release|x64.ActiveCfg = Release|x64
		{BF6D293D-46E3-46EC-B682-3E36BA877947}.Release|x64.Build.0 = Release|x64
		{BF6D293D-46E3-46EC-B682-3E36BA877947}.Release|x86.ActiveCfg = Release|x86
		{BF6D293D-46E3-46EC-B682-3E36BA877947}.Release|x86.Build.0 = Release|x86
	EndGlobalSection
	GlobalSection(SolutionProperties) = preSolution
		HideSolutionNode = FALSE
	EndGlobalSection
	GlobalSection(ExtensibilityGlobals) = postSolution
		SolutionGuid = {A74916C2-11CE-4055-B743-356649C9B05D}
	EndGlobalSection
EndGlobal
